NeoBundleLock ack.vim 36e40f9ec91bdbf6f1adf408522a73a6925c3042
NeoBundleLock ag.vim 4a0dd6e190f446e5a016b44fdaa2feafc582918e
NeoBundleLock ctrlp.vim 879c40da6b7c65fa01f17a083efee6cdc8bf9d09
NeoBundleLock neobundle.vim 1306c131ff0a6cc094b7ff0727350e442b5427f1
NeoBundleLock neocomplete.vim d3b4d2860ec34648a2d6df4631718a6a7cfa5d40
NeoBundleLock nerdtree 72c3656799289d4635520c28e17f737066ce19d6
NeoBundleLock typescript-vim 0e9d92eead2df21abe342c4341c55536dd36b0af
NeoBundleLock unite-outline 595129742f9a1dbf4cdcc44344552759068d5468
NeoBundleLock unite.vim f08df66abda88a83f0436e0bd1ffa05009a9645a
NeoBundleLock vim-airline e0bde5dea4f1698e2f047d697035952b16690a87
NeoBundleLock vim-colors-solarized 528a59f26d12278698bb946f8fb82a63711eec21
NeoBundleLock vim-endwise f67d022169bd04d3c000f47b1c03bfcbc4209470
NeoBundleLock vim-fugitive d27dbc40d4264525b1c812482bf0efecfed53f28
NeoBundleLock vim-ruby 9a84b56fcf0d5d5e124d1bfcebf2169d4e7cb264
NeoBundleLock vimshell 3787e52766812d8b99a93ccdda57517bc2a0bab6
