NeoBundleLock ack.vim 35f4c78c6c519dcf003531cd312e5b1564d30ef5
NeoBundleLock ag.vim 994c27dd8f237573208548e7480e39b24ccbbfba
NeoBundleLock ctrlp.vim cbd52e3bdd388afd7accaba6e0aea754f32da271
NeoBundleLock neobundle.vim a240bb2f40437ea87254df3c2745523d3f27cfcf
NeoBundleLock neocomplete.vim fdf3883b209349513c7b2c2b9a19360544a25775
NeoBundleLock nerdtree 15445be5fb2559829ac7a1f05af5d713586e8ec9
NeoBundleLock typescript-vim e25636b44211a4be7b089bfed7cf09aa7dd086f5
NeoBundleLock unite-outline 984fe3e42b9997a45537f330c93a0af7db07f40a
NeoBundleLock unite.vim 9a7c505db45d4b535138e880a4905a8f06f19a88
NeoBundleLock vim-airline 1bb8b6278e901cbc282535cabb1f6e17f8059e2a
NeoBundleLock vim-colors-solarized 528a59f26d12278698bb946f8fb82a63711eec21
NeoBundleLock vim-endwise d5655263af8b3611a2bcb907a9963831a88d154b
NeoBundleLock vim-fugitive bdd216827ae53cdf70d933bb30762da9bf42cad4
NeoBundleLock vim-ruby e233f929ee7926f838eb9051b410f5d62f64b6c1
NeoBundleLock vimshell 3787e52766812d8b99a93ccdda57517bc2a0bab6
